
Microsoft Visual Studio Solution File, Format Version 12.00
# Visual Studio Version 17
VisualStudioVersion = 17.14.36301.6 d17.14
MinimumVisualStudioVersion = 10.0.40219.1
Project("{FAE04EC0-301F-11D3-BF4B-00C04F79EFBC}") = "TerrariaAccess", "TerrariaAccess.csproj", "{3087AA42-D869-F325-B547-42AC77ED435C}"
EndProject
Global
	GlobalSection(SolutionConfigurationPlatforms) = preSolution
		Debug|Any CPU = Debug|Any CPU
		Release|Any CPU = Release|Any CPU
	EndGlobalSection
	GlobalSection(ProjectConfigurationPlatforms) = postSolution
		{3087AA42-D869-F325-B547-42AC77ED435C}.Debug|Any CPU.ActiveCfg = Debug|Any CPU
		{3087AA42-D869-F325-B547-42AC77ED435C}.Debug|Any CPU.Build.0 = Debug|Any CPU
		{3087AA42-D869-F325-B547-42AC77ED435C}.Release|Any CPU.ActiveCfg = Release|Any CPU
		{3087AA42-D869-F325-B547-42AC77ED435C}.Release|Any CPU.Build.0 = Release|Any CPU
	EndGlobalSection
	GlobalSection(SolutionProperties) = preSolution
		HideSolutionNode = FALSE
	EndGlobalSection
	GlobalSection(ExtensibilityGlobals) = postSolution
		SolutionGuid = {E016C246-02B0-4D8E-B7D8-678BAFC4CBCB}
	EndGlobalSection
EndGlobal
